
Microsoft Visual Studio Solution File, Format Version 12.00
# Visual Studio Version 17
VisualStudioVersion = 17.11.35431.28
MinimumVisualStudioVersion = 10.0.40219.1
Project("{FAE04EC0-301F-11D3-BF4B-00C04F79EFBC}") = "Kentico.Xperience.Aira", "..\src\Kentico.Xperience.Aira\Kentico.Xperience.Aira\Kentico.Xperience.Aira.csproj", "{DAD1BEC7-4996-4675-8568-E106B5DF4450}"
EndProject
Project("{2150E333-8FDC-42A3-9474-1A3956D46DE8}") = "build", "build", "{18C8BBEF-14A2-4309-9252-142F5CE6E896}"
	ProjectSection(SolutionItems) = preProject
		..\.editorconfig = ..\.editorconfig
		..\Directory.Build.props = ..\Directory.Build.props
		..\Directory.build.targets = ..\Directory.build.targets
		..\Directory.Packages.props = ..\Directory.Packages.props
		..\nuget.config = ..\nuget.config
	EndProjectSection
EndProject
Project("{2150E333-8FDC-42A3-9474-1A3956D46DE8}") = "src", "src", "{1879EFBD-60DF-47A9-BFF3-86E1C67B1992}"
EndProject
Global
	GlobalSection(SolutionConfigurationPlatforms) = preSolution
		Debug|Any CPU = Debug|Any CPU
		Release|Any CPU = Release|Any CPU
	EndGlobalSection
	GlobalSection(ProjectConfigurationPlatforms) = postSolution
		{DAD1BEC7-4996-4675-8568-E106B5DF4450}.Debug|Any CPU.ActiveCfg = Debug|Any CPU
		{DAD1BEC7-4996-4675-8568-E106B5DF4450}.Debug|Any CPU.Build.0 = Debug|Any CPU
		{DAD1BEC7-4996-4675-8568-E106B5DF4450}.Release|Any CPU.ActiveCfg = Release|Any CPU
		{DAD1BEC7-4996-4675-8568-E106B5DF4450}.Release|Any CPU.Build.0 = Release|Any CPU
	EndGlobalSection
	GlobalSection(SolutionProperties) = preSolution
		HideSolutionNode = FALSE
	EndGlobalSection
	GlobalSection(NestedProjects) = preSolution
		{DAD1BEC7-4996-4675-8568-E106B5DF4450} = {1879EFBD-60DF-47A9-BFF3-86E1C67B1992}
	EndGlobalSection
	GlobalSection(ExtensibilityGlobals) = postSolution
		SolutionGuid = {C05A4E59-E5C2-4E00-868B-A1969216B327}
	EndGlobalSection
EndGlobal
